
Microsoft Visual Studio Solution File, Format Version 12.00
# Visual Studio Version 17
VisualStudioVersion = 17.0.31903.59
MinimumVisualStudioVersion = 10.0.40219.1
Project("{FAE04EC0-301F-11D3-BF4B-00C04F79EFBC}") = "AfricAIsoft.KeyBuilder.Core", "src\AfricAIsoft.KeyBuilder.Core\AfricAIsoft.KeyBuilder.Core.csproj", "{9F2AE1E1-B221-4A11-8C8C-1AABE2C2D001}"
EndProject
Project("{FAE04EC0-301F-11D3-BF4B-00C04F79EFBC}") = "AfricAIsoft.KeyBuilder.Wpf", "src\AfricAIsoft.KeyBuilder.Wpf\AfricAIsoft.KeyBuilder.Wpf.csproj", "{9F2AE1E1-B221-4A11-8C8C-1AABE2C2D002}"
EndProject
Project("{FAE04EC0-301F-11D3-BF4B-00C04F79EFBC}") = "AfricAIsoft.KeyBuilder.Core.Tests", "tests\AfricAIsoft.KeyBuilder.Core.Tests\AfricAIsoft.KeyBuilder.Core.Tests.csproj", "{9F2AE1E1-B221-4A11-8C8C-1AABE2C2D003}"
EndProject
Global
	GlobalSection(SolutionConfigurationPlatforms) = preSolution
		Debug|Any CPU = Debug|Any CPU
		Release|Any CPU = Release|Any CPU
	EndGlobalSection
	GlobalSection(ProjectConfigurationPlatforms) = postSolution
		{9F2AE1E1-B221-4A11-8C8C-1AABE2C2D001}.Debug|Any CPU.ActiveCfg = Debug|Any CPU
		{9F2AE1E1-B221-4A11-8C8C-1AABE2C2D001}.Debug|Any CPU.Build.0 = Debug|Any CPU
		{9F2AE1E1-B221-4A11-8C8C-1AABE2C2D001}.Release|Any CPU.ActiveCfg = Release|Any CPU
		{9F2AE1E1-B221-4A11-8C8C-1AABE2C2D001}.Release|Any CPU.Build.0 = Release|Any CPU
		{9F2AE1E1-B221-4A11-8C8C-1AABE2C2D002}.Debug|Any CPU.ActiveCfg = Debug|Any CPU
		{9F2AE1E1-B221-4A11-8C8C-1AABE2C2D002}.Release|Any CPU.ActiveCfg = Release|Any CPU
		{9F2AE1E1-B221-4A11-8C8C-1AABE2C2D003}.Debug|Any CPU.ActiveCfg = Debug|Any CPU
		{9F2AE1E1-B221-4A11-8C8C-1AABE2C2D003}.Debug|Any CPU.Build.0 = Debug|Any CPU
		{9F2AE1E1-B221-4A11-8C8C-1AABE2C2D003}.Release|Any CPU.ActiveCfg = Release|Any CPU
		{9F2AE1E1-B221-4A11-8C8C-1AABE2C2D003}.Release|Any CPU.Build.0 = Release|Any CPU
	EndGlobalSection
	GlobalSection(SolutionProperties) = preSolution
		HideSolutionNode = FALSE
	EndGlobalSection
EndGlobal
